
Microsoft Visual Studio Solution File, Format Version 12.00
# Visual Studio Version 17
VisualStudioVersion = 17.3.32611.2
MinimumVisualStudioVersion = 10.0.40219.1
Project("{2150E333-8FDC-42A3-9474-1A3956D46DE8}") = "Services", "Services", "{1A0AE52E-E947-4AA2-83CF-C49E1E93C87F}"
EndProject
Project("{2150E333-8FDC-42A3-9474-1A3956D46DE8}") = "WebApps", "WebApps", "{D53B900D-CDAE-45A5-8A6D-ABEEA67C1187}"
EndProject
Project("{2150E333-8FDC-42A3-9474-1A3956D46DE8}") = "Cadastros", "Cadastros", "{CA07C7F3-4915-478D-9D7F-390FF7BA9B4A}"
EndProject
Project("{2150E333-8FDC-42A3-9474-1A3956D46DE8}") = "Catalogo", "Catalogo", "{DCCE8B3E-4803-4061-BF5E-25D18F716510}"
EndProject
Project("{2150E333-8FDC-42A3-9474-1A3956D46DE8}") = "Core", "Core", "{5D807424-748A-4A9F-AB23-17A49288D75E}"
EndProject
Project("{2150E333-8FDC-42A3-9474-1A3956D46DE8}") = "Fiscal", "Fiscal", "{01C9A927-F328-44D8-AD2D-6BC63F04C6EF}"
EndProject
Project("{2150E333-8FDC-42A3-9474-1A3956D46DE8}") = "Pagamentos", "Pagamentos", "{A3DD6042-C99B-434C-8367-F98017E7C687}"
EndProject
Project("{2150E333-8FDC-42A3-9474-1A3956D46DE8}") = "Vendas", "Vendas", "{FA97B598-4DBF-40DB-A7B3-A2813F2923C0}"
EndProject
Project("{9A19103F-16F7-4668-BE54-9A1E7A4F7556}") = "DDD.Catalogo.Domain", "src\DDD.Catalogo.Domain\DDD.Catalogo.Domain.csproj", "{675266C5-305B-40C1-AF2A-AF60FA62A04A}"
EndProject
Project("{9A19103F-16F7-4668-BE54-9A1E7A4F7556}") = "DDD.Core", "src\DDD.Core\DDD.Core.csproj", "{E90BD605-3A68-4D09-94DF-8D59336A1B04}"
EndProject
Project("{FAE04EC0-301F-11D3-BF4B-00C04F79EFBC}") = "DDD.Catalogo.Data", "src\DDD.Catalogo.Data\DDD.Catalogo.Data.csproj", "{9C108C73-BE9E-4A3A-9B74-02822B5CC902}"
EndProject
Global
	GlobalSection(SolutionConfigurationPlatforms) = preSolution
		Debug|Any CPU = Debug|Any CPU
		Release|Any CPU = Release|Any CPU
	EndGlobalSection
	GlobalSection(ProjectConfigurationPlatforms) = postSolution
		{675266C5-305B-40C1-AF2A-AF60FA62A04A}.Debug|Any CPU.ActiveCfg = Debug|Any CPU
		{675266C5-305B-40C1-AF2A-AF60FA62A04A}.Debug|Any CPU.Build.0 = Debug|Any CPU
		{675266C5-305B-40C1-AF2A-AF60FA62A04A}.Release|Any CPU.ActiveCfg = Release|Any CPU
		{675266C5-305B-40C1-AF2A-AF60FA62A04A}.Release|Any CPU.Build.0 = Release|Any CPU
		{E90BD605-3A68-4D09-94DF-8D59336A1B04}.Debug|Any CPU.ActiveCfg = Debug|Any CPU
		{E90BD605-3A68-4D09-94DF-8D59336A1B04}.Debug|Any CPU.Build.0 = Debug|Any CPU
		{E90BD605-3A68-4D09-94DF-8D59336A1B04}.Release|Any CPU.ActiveCfg = Release|Any CPU
		{E90BD605-3A68-4D09-94DF-8D59336A1B04}.Release|Any CPU.Build.0 = Release|Any CPU
		{9C108C73-BE9E-4A3A-9B74-02822B5CC902}.Debug|Any CPU.ActiveCfg = Debug|Any CPU
		{9C108C73-BE9E-4A3A-9B74-02822B5CC902}.Debug|Any CPU.Build.0 = Debug|Any CPU
		{9C108C73-BE9E-4A3A-9B74-02822B5CC902}.Release|Any CPU.ActiveCfg = Release|Any CPU
		{9C108C73-BE9E-4A3A-9B74-02822B5CC902}.Release|Any CPU.Build.0 = Release|Any CPU
	EndGlobalSection
	GlobalSection(SolutionProperties) = preSolution
		HideSolutionNode = FALSE
	EndGlobalSection
	GlobalSection(NestedProjects) = preSolution
		{CA07C7F3-4915-478D-9D7F-390FF7BA9B4A} = {1A0AE52E-E947-4AA2-83CF-C49E1E93C87F}
		{DCCE8B3E-4803-4061-BF5E-25D18F716510} = {1A0AE52E-E947-4AA2-83CF-C49E1E93C87F}
		{5D807424-748A-4A9F-AB23-17A49288D75E} = {1A0AE52E-E947-4AA2-83CF-C49E1E93C87F}
		{01C9A927-F328-44D8-AD2D-6BC63F04C6EF} = {1A0AE52E-E947-4AA2-83CF-C49E1E93C87F}
		{A3DD6042-C99B-434C-8367-F98017E7C687} = {1A0AE52E-E947-4AA2-83CF-C49E1E93C87F}
		{FA97B598-4DBF-40DB-A7B3-A2813F2923C0} = {1A0AE52E-E947-4AA2-83CF-C49E1E93C87F}
		{675266C5-305B-40C1-AF2A-AF60FA62A04A} = {DCCE8B3E-4803-4061-BF5E-25D18F716510}
		{E90BD605-3A68-4D09-94DF-8D59336A1B04} = {5D807424-748A-4A9F-AB23-17A49288D75E}
		{9C108C73-BE9E-4A3A-9B74-02822B5CC902} = {DCCE8B3E-4803-4061-BF5E-25D18F716510}
	EndGlobalSection
	GlobalSection(ExtensibilityGlobals) = postSolution
		SolutionGuid = {52C7F602-D3CA-4345-A14C-838D90F2542B}
	EndGlobalSection
EndGlobal
